lockfileVersion: '9.0'

settings:
  autoInstallPeers: true
  excludeLinksFromLockfile: false

importers:

  .:
    dependencies:
      '@vitejs/plugin-vue':
        specifier: ^3.2.0
        version: 3.2.0(vite@3.2.5)(vue@3.5.12(typescript@5.6.3))
      element-plus:
        specifier: 2.7.4
        version: 2.7.4(vue@3.5.12(typescript@5.6.3))
      vue:
        specifier: ^3.2.45
        version: 3.5.12(typescript@5.6.3)
    devDependencies:
      typescript:
        specifier: ~5.6.2
        version: 5.6.3
      vite:
        specifier: 3.2.5
        version: 3.2.5
      vue-tsc:
        specifier: ^2.1.8
        version: 2.1.10(typescript@5.6.3)

packages:

  '@babel/helper-string-parser@7.25.9':
    resolution: {integrity: sha512-4A/SCr/2KLd5jrtOMFzaKjVtAei3+2r/NChoBNoZ3EyP/+GlhoaEGoWOZUmFmoITP7zOJyHIMm+DYRd8o3PvHA==}
    engines: {node: '>=6.9.0'}

  '@babel/helper-validator-identifier@7.25.9':
    resolution: {integrity: sha512-Ed61U6XJc3CVRfkERJWDz4dJwKe7iLmmJsbOGu9wSloNSFttHV0I8g6UAgb7qnK5ly5bGLPd4oXZlxCdANBOWQ==}
    engines: {node: '>=6.9.0'}

  '@babel/parser@7.26.2':
    resolution: {integrity: sha512-DWMCZH9WA4Maitz2q21SRKHo9QXZxkDsbNZoVD62gusNtNBBqDg9i7uOhASfTfIGNzW+O+r7+jAlM8dwphcJKQ==}
    engines: {node: '>=6.0.0'}
    hasBin: true

  '@babel/types@7.26.0':
    resolution: {integrity: sha512-Z/yiTPj+lDVnF7lWeKCIJzaIkI0vYO87dMpZ4bg4TDrFe4XXLFWL1TbXU27gBP3QccxV9mZICCrnjnYlJjXHOA==}
    engines: {node: '>=6.9.0'}

  '@ctrl/tinycolor@3.6.1':
    resolution: {integrity: sha512-SITSV6aIXsuVNV3f3O0f2n/cgyEDWoSqtZMYiAmcsYHydcKrOz3gUxB/iXd/Qf08+IZX4KpgNbvUdMBmWz+kcA==}
    engines: {node: '>=10'}

  '@element-plus/icons-vue@2.3.1':
    resolution: {integrity: sha512-XxVUZv48RZAd87ucGS48jPf6pKu0yV5UCg9f4FFwtrYxXOwWuVJo6wOvSLKEoMQKjv8GsX/mhP6UsC1lRwbUWg==}
    peerDependencies:
      vue: ^3.2.0

  '@esbuild/android-arm@0.15.18':
    resolution: {integrity: sha512-5GT+kcs2WVGjVs7+boataCkO5Fg0y4kCjzkB5bAip7H4jfnOS3dA6KPiww9W1OEKTKeAcUVhdZGvgI65OXmUnw==}
    engines: {node: '>=12'}
    cpu: [arm]
    os: [android]

  '@esbuild/linux-loong64@0.15.18':
    resolution: {integrity: sha512-L4jVKS82XVhw2nvzLg/19ClLWg0y27ulRwuP7lcyL6AbUWB5aPglXY3M21mauDQMDfRLs8cQmeT03r/+X3cZYQ==}
    engines: {node: '>=12'}
    cpu: [loong64]
    os: [linux]

  '@floating-ui/core@1.6.8':
    resolution: {integrity: sha512-7XJ9cPU+yI2QeLS+FCSlqNFZJq8arvswefkZrYI1yQBbftw6FyrZOxYSh+9S7z7TpeWlRt9zJ5IhM1WIL334jA==}

  '@floating-ui/dom@1.6.12':
    resolution: {integrity: sha512-NP83c0HjokcGVEMeoStg317VD9W7eDlGK7457dMBANbKA6GJZdc7rjujdgqzTaz93jkGgc5P/jeWbaCHnMNc+w==}

  '@floating-ui/utils@0.2.8':
    resolution: {integrity: sha512-kym7SodPp8/wloecOpcmSnWJsK7M0E5Wg8UcFA+uO4B9s5d0ywXOEro/8HM9x0rW+TljRzul/14UYz3TleT3ig==}

  '@jridgewell/sourcemap-codec@1.5.0':
    resolution: {integrity: sha512-gv3ZRaISU3fjPAgNsriBRqGWQL6quFx04YMPW/zD8XMLsU32mhCCbfbO6KZFLjvYpCZ8zyDEgqsgf+PwPaM7GQ==}

  '@sxzz/popperjs-es@2.11.7':
    resolution: {integrity: sha512-Ccy0NlLkzr0Ex2FKvh2X+OyERHXJ88XJ1MXtsI9y9fGexlaXaVTPzBCRBwIxFkORuOb+uBqeu+RqnpgYTEZRUQ==}

  '@types/lodash-es@4.17.12':
    resolution: {integrity: sha512-0NgftHUcV4v34VhXm8QBSftKVXtbkBG3ViCjs6+eJ5a6y6Mi/jiFGPc1sC7QK+9BFhWrURE3EOggmWaSxL9OzQ==}

  '@types/lodash@4.17.13':
    resolution: {integrity: sha512-lfx+dftrEZcdBPczf9d0Qv0x+j/rfNCMuC6OcfXmO8gkfeNAY88PgKUbvG56whcN23gc27yenwF6oJZXGFpYxg==}

  '@types/web-bluetooth@0.0.16':
    resolution: {integrity: sha512-oh8q2Zc32S6gd/j50GowEjKLoOVOwHP/bWVjKJInBwQqdOYMdPrf1oVlelTlyfFK3CKxL1uahMDAr+vy8T7yMQ==}

  '@vitejs/plugin-vue@3.2.0':
    resolution: {integrity: sha512-E0tnaL4fr+qkdCNxJ+Xd0yM31UwMkQje76fsDVBBUCoGOUPexu2VDUYHL8P4CwV+zMvWw6nlRw19OnRKmYAJpw==}
    engines: {node: ^14.18.0 || >=16.0.0}
    peerDependencies:
      vite: ^3.0.0
      vue: ^3.2.25

  '@volar/language-core@2.4.10':
    resolution: {integrity: sha512-hG3Z13+nJmGaT+fnQzAkS0hjJRa2FCeqZt6Bd+oGNhUkQ+mTFsDETg5rqUTxyzIh5pSOGY7FHCWUS8G82AzLCA==}

  '@volar/source-map@2.4.10':
    resolution: {integrity: sha512-OCV+b5ihV0RF3A7vEvNyHPi4G4kFa6ukPmyVocmqm5QzOd8r5yAtiNvaPEjl8dNvgC/lj4JPryeeHLdXd62rWA==}

  '@volar/typescript@2.4.10':
    resolution: {integrity: sha512-F8ZtBMhSXyYKuBfGpYwqA5rsONnOwAVvjyE7KPYJ7wgZqo2roASqNWUnianOomJX5u1cxeRooHV59N0PhvEOgw==}

  '@vue/compiler-core@3.5.12':
    resolution: {integrity: sha512-ISyBTRMmMYagUxhcpyEH0hpXRd/KqDU4ymofPgl2XAkY9ZhQ+h0ovEZJIiPop13UmR/54oA2cgMDjgroRelaEw==}

  '@vue/compiler-dom@3.5.12':
    resolution: {integrity: sha512-9G6PbJ03uwxLHKQ3P42cMTi85lDRvGLB2rSGOiQqtXELat6uI4n8cNz9yjfVHRPIu+MsK6TE418Giruvgptckg==}

  '@vue/compiler-sfc@3.5.12':
    resolution: {integrity: sha512-2k973OGo2JuAa5+ZlekuQJtitI5CgLMOwgl94BzMCsKZCX/xiqzJYzapl4opFogKHqwJk34vfsaKpfEhd1k5nw==}

  '@vue/compiler-ssr@3.5.12':
    resolution: {integrity: sha512-eLwc7v6bfGBSM7wZOGPmRavSWzNFF6+PdRhE+VFJhNCgHiF8AM7ccoqcv5kBXA2eWUfigD7byekvf/JsOfKvPA==}

  '@vue/compiler-vue2@2.7.16':
    resolution: {integrity: sha512-qYC3Psj9S/mfu9uVi5WvNZIzq+xnXMhOwbTFKKDD7b1lhpnn71jXSFdTQ+WsIEk0ONCd7VV2IMm7ONl6tbQ86A==}

  '@vue/language-core@2.1.10':
    resolution: {integrity: sha512-DAI289d0K3AB5TUG3xDp9OuQ71CnrujQwJrQnfuZDwo6eGNf0UoRlPuaVNO+Zrn65PC3j0oB2i7mNmVPggeGeQ==}
    peerDependencies:
      typescript: '*'
    peerDependenciesMeta:
      typescript:
        optional: true

  '@vue/reactivity@3.5.12':
    resolution: {integrity: sha512-UzaN3Da7xnJXdz4Okb/BGbAaomRHc3RdoWqTzlvd9+WBR5m3J39J1fGcHes7U3za0ruYn/iYy/a1euhMEHvTAg==}

  '@vue/runtime-core@3.5.12':
    resolution: {integrity: sha512-hrMUYV6tpocr3TL3Ad8DqxOdpDe4zuQY4HPY3X/VRh+L2myQO8MFXPAMarIOSGNu0bFAjh1yBkMPXZBqCk62Uw==}

  '@vue/runtime-dom@3.5.12':
    resolution: {integrity: sha512-q8VFxR9A2MRfBr6/55Q3umyoN7ya836FzRXajPB6/Vvuv0zOPL+qltd9rIMzG/DbRLAIlREmnLsplEF/kotXKA==}

  '@vue/server-renderer@3.5.12':
    resolution: {integrity: sha512-I3QoeDDeEPZm8yR28JtY+rk880Oqmj43hreIBVTicisFTx/Dl7JpG72g/X7YF8hnQD3IFhkky5i2bPonwrTVPg==}
    peerDependencies:
      vue: 3.5.12

  '@vue/shared@3.5.12':
    resolution: {integrity: sha512-L2RPSAwUFbgZH20etwrXyVyCBu9OxRSi8T/38QsvnkJyvq2LufW2lDCOzm7t/U9C1mkhJGWYfCuFBCmIuNivrg==}

  '@vueuse/core@9.13.0':
    resolution: {integrity: sha512-pujnclbeHWxxPRqXWmdkKV5OX4Wk4YeK7wusHqRwU0Q7EFusHoqNA/aPhB6KCh9hEqJkLAJo7bb0Lh9b+OIVzw==}

  '@vueuse/metadata@9.13.0':
    resolution: {integrity: sha512-gdU7TKNAUVlXXLbaF+ZCfte8BjRJQWPCa2J55+7/h+yDtzw3vOoGQDRXzI6pyKyo6bXFT5/QoPE4hAknExjRLQ==}

  '@vueuse/shared@9.13.0':
    resolution: {integrity: sha512-UrnhU+Cnufu4S6JLCPZnkWh0WwZGUp72ktOF2DFptMlOs3TOdVv8xJN53zhHGARmVOsz5KqOls09+J1NR6sBKw==}

  alien-signals@0.2.1:
    resolution: {integrity: sha512-FlEQrDJe9r2RI4cDlnK2zYqJezvx1uJaWEuwxsnlFqnPwvJbgitNBRumWrLDv8lA+7cCikpMxfJD2TTHiaTklA==}

  async-validator@4.2.5:
    resolution: {integrity: sha512-7HhHjtERjqlNbZtqNqy2rckN/SpOOlmDliet+lP7k+eKZEjPk3DgyeU9lIXLdeLz0uBbbVp+9Qdow9wJWgwwfg==}

  balanced-match@1.0.2:
    resolution: {integrity: sha512-3oSeUO0TMV67hN1AmbXsK4yaqU7tjiHlbxRDZOpH0KW9+CeX4bRAaX0Anxt0tx2MrpRpWwQaPwIlISEJhYU5Pw==}

  brace-expansion@2.0.1:
    resolution: {integrity: sha512-XnAIvQ8eM+kC6aULx6wuQiwVsnzsi9d3WxzV3FpWTGA19F621kwdbsAcFKXgKUHZWsy+mY6iL1sHTxWEFCytDA==}

  csstype@3.1.3:
    resolution: {integrity: sha512-M1uQkMl8rQK/szD0LNhtqxIPLpimGm8sOBwU7lLnCpSbTyY3yeU1Vc7l4KT5zT4s/yOxHH5O7tIuuLOCnLADRw==}

  dayjs@1.11.13:
    resolution: {integrity: sha512-oaMBel6gjolK862uaPQOVTA7q3TZhuSvuMQAAglQDOWYO9A91IrAOUJEyKVlqJlHE0vq5p5UXxzdPfMH/x6xNg==}

  de-indent@1.0.2:
    resolution: {integrity: sha512-e/1zu3xH5MQryN2zdVaF0OrdNLUbvWxzMbi+iNA6Bky7l1RoP8a2fIbRocyHclXt/arDrrR6lL3TqFD9pMQTsg==}

  element-plus@2.7.4:
    resolution: {integrity: sha512-ADBN3zHdhg8R9m6IXR2B5txSWvCn1+nAD+aA9kaJ4rZHMr37DVX6EOdwUjqAMPKz2xC0tculgkJ5rh5zVNiDNQ==}
    peerDependencies:
      vue: ^3.2.0

  entities@4.5.0:
    resolution: {integrity: sha512-V0hjH4dGPh9Ao5p0MoRY6BVqtwCjhz6vI5LT8AJ55H+4g9/4vbHx1I54fS0XuclLhDHArPQCiMjDxjaL8fPxhw==}
    engines: {node: '>=0.12'}

  esbuild-android-64@0.15.18:
    resolution: {integrity: sha512-wnpt3OXRhcjfIDSZu9bnzT4/TNTDsOUvip0foZOUBG7QbSt//w3QV4FInVJxNhKc/ErhUxc5z4QjHtMi7/TbgA==}
    engines: {node: '>=12'}
    cpu: [x64]
    os: [android]

  esbuild-android-arm64@0.15.18:
    resolution: {integrity: sha512-G4xu89B8FCzav9XU8EjsXacCKSG2FT7wW9J6hOc18soEHJdtWu03L3TQDGf0geNxfLTtxENKBzMSq9LlbjS8OQ==}
    engines: {node: '>=12'}
    cpu: [arm64]
    os: [android]

  esbuild-darwin-64@0.15.18:
    resolution: {integrity: sha512-2WAvs95uPnVJPuYKP0Eqx+Dl/jaYseZEUUT1sjg97TJa4oBtbAKnPnl3b5M9l51/nbx7+QAEtuummJZW0sBEmg==}
    engines: {node: '>=12'}
    cpu: [x64]
    os: [darwin]

  esbuild-darwin-arm64@0.15.18:
    resolution: {integrity: sha512-tKPSxcTJ5OmNb1btVikATJ8NftlyNlc8BVNtyT/UAr62JFOhwHlnoPrhYWz09akBLHI9nElFVfWSTSRsrZiDUA==}
    engines: {node: '>=12'}
    cpu: [arm64]
    os: [darwin]

  esbuild-freebsd-64@0.15.18:
    resolution: {integrity: sha512-TT3uBUxkteAjR1QbsmvSsjpKjOX6UkCstr8nMr+q7zi3NuZ1oIpa8U41Y8I8dJH2fJgdC3Dj3CXO5biLQpfdZA==}
    engines: {node: '>=12'}
    cpu: [x64]
    os: [freebsd]

  esbuild-freebsd-arm64@0.15.18:
    resolution: {integrity: sha512-R/oVr+X3Tkh+S0+tL41wRMbdWtpWB8hEAMsOXDumSSa6qJR89U0S/PpLXrGF7Wk/JykfpWNokERUpCeHDl47wA==}
    engines: {node: '>=12'}
    cpu: [arm64]
    os: [freebsd]

  esbuild-linux-32@0.15.18:
    resolution: {integrity: sha512-lphF3HiCSYtaa9p1DtXndiQEeQDKPl9eN/XNoBf2amEghugNuqXNZA/ZovthNE2aa4EN43WroO0B85xVSjYkbg==}
    engines: {node: '>=12'}
    cpu: [ia32]
    os: [linux]

  esbuild-linux-64@0.15.18:
    resolution: {integrity: sha512-hNSeP97IviD7oxLKFuii5sDPJ+QHeiFTFLoLm7NZQligur8poNOWGIgpQ7Qf8Balb69hptMZzyOBIPtY09GZYw==}
    engines: {node: '>=12'}
    cpu: [x64]
    os: [linux]

  esbuild-linux-arm64@0.15.18:
    resolution: {integrity: sha512-54qr8kg/6ilcxd+0V3h9rjT4qmjc0CccMVWrjOEM/pEcUzt8X62HfBSeZfT2ECpM7104mk4yfQXkosY8Quptug==}
    engines: {node: '>=12'}
    cpu: [arm64]
    os: [linux]

  esbuild-linux-arm@0.15.18:
    resolution: {integrity: sha512-UH779gstRblS4aoS2qpMl3wjg7U0j+ygu3GjIeTonCcN79ZvpPee12Qun3vcdxX+37O5LFxz39XeW2I9bybMVA==}
    engines: {node: '>=12'}
    cpu: [arm]
    os: [linux]

  esbuild-linux-mips64le@0.15.18:
    resolution: {integrity: sha512-Mk6Ppwzzz3YbMl/ZZL2P0q1tnYqh/trYZ1VfNP47C31yT0K8t9s7Z077QrDA/guU60tGNp2GOwCQnp+DYv7bxQ==}
    engines: {node: '>=12'}
    cpu: [mips64el]
    os: [linux]

  esbuild-linux-ppc64le@0.15.18:
    resolution: {integrity: sha512-b0XkN4pL9WUulPTa/VKHx2wLCgvIAbgwABGnKMY19WhKZPT+8BxhZdqz6EgkqCLld7X5qiCY2F/bfpUUlnFZ9w==}
    engines: {node: '>=12'}
    cpu: [ppc64]
    os: [linux]

  esbuild-linux-riscv64@0.15.18:
    resolution: {integrity: sha512-ba2COaoF5wL6VLZWn04k+ACZjZ6NYniMSQStodFKH/Pu6RxzQqzsmjR1t9QC89VYJxBeyVPTaHuBMCejl3O/xg==}
    engines: {node: '>=12'}
    cpu: [riscv64]
    os: [linux]

  esbuild-linux-s390x@0.15.18:
    resolution: {integrity: sha512-VbpGuXEl5FCs1wDVp93O8UIzl3ZrglgnSQ+Hu79g7hZu6te6/YHgVJxCM2SqfIila0J3k0csfnf8VD2W7u2kzQ==}
    engines: {node: '>=12'}
    cpu: [s390x]
    os: [linux]

  esbuild-netbsd-64@0.15.18:
    resolution: {integrity: sha512-98ukeCdvdX7wr1vUYQzKo4kQ0N2p27H7I11maINv73fVEXt2kyh4K4m9f35U1K43Xc2QGXlzAw0K9yoU7JUjOg==}
    engines: {node: '>=12'}
    cpu: [x64]
    os: [netbsd]

  esbuild-openbsd-64@0.15.18:
    resolution: {integrity: sha512-yK5NCcH31Uae076AyQAXeJzt/vxIo9+omZRKj1pauhk3ITuADzuOx5N2fdHrAKPxN+zH3w96uFKlY7yIn490xQ==}
    engines: {node: '>=12'}
    cpu: [x64]
    os: [openbsd]

  esbuild-sunos-64@0.15.18:
    resolution: {integrity: sha512-On22LLFlBeLNj/YF3FT+cXcyKPEI263nflYlAhz5crxtp3yRG1Ugfr7ITyxmCmjm4vbN/dGrb/B7w7U8yJR9yw==}
    engines: {node: '>=12'}
    cpu: [x64]
    os: [sunos]

  esbuild-windows-32@0.15.18:
    resolution: {integrity: sha512-o+eyLu2MjVny/nt+E0uPnBxYuJHBvho8vWsC2lV61A7wwTWC3jkN2w36jtA+yv1UgYkHRihPuQsL23hsCYGcOQ==}
    engines: {node: '>=12'}
    cpu: [ia32]
    os: [win32]

  esbuild-windows-64@0.15.18:
    resolution: {integrity: sha512-qinug1iTTaIIrCorAUjR0fcBk24fjzEedFYhhispP8Oc7SFvs+XeW3YpAKiKp8dRpizl4YYAhxMjlftAMJiaUw==}
    engines: {node: '>=12'}
    cpu: [x64]
    os: [win32]

  esbuild-windows-arm64@0.15.18:
    resolution: {integrity: sha512-q9bsYzegpZcLziq0zgUi5KqGVtfhjxGbnksaBFYmWLxeV/S1fK4OLdq2DFYnXcLMjlZw2L0jLsk1eGoB522WXQ==}
    engines: {node: '>=12'}
    cpu: [arm64]
    os: [win32]

  esbuild@0.15.18:
    resolution: {integrity: sha512-x/R72SmW3sSFRm5zrrIjAhCeQSAWoni3CmHEqfQrZIQTM3lVCdehdwuIqaOtfC2slvpdlLa62GYoN8SxT23m6Q==}
    engines: {node: '>=12'}
    hasBin: true

  escape-html@1.0.3:
    resolution: {integrity: sha512-NiSupZ4OeuGwr68lGIeym/ksIZMJodUGOSCZ/FSnTxcrekbvqrgdUxlJOMpijaKZVjAJrWrGs/6Jy8OMuyj9ow==}

  estree-walker@2.0.2:
    resolution: {integrity: sha512-Rfkk/Mp/DL7JVje3u18FxFujQlTNR2q6QfMSMB7AvCBx91NGj/ba3kCfza0f6dVDbw7YlRf/nDrn7pQrCCyQ/w==}

  fsevents@2.3.3:
    resolution: {integrity: sha512-5xoDfX+fL7faATnagmWPpbFtwh/R77WmMMqqHGS65C3vvB0YHrgF+B1YmZ3441tMj5n63k0212XNoJwzlhffQw==}
    engines: {node: ^8.16.0 || ^10.6.0 || >=11.0.0}
    os: [darwin]

  function-bind@1.1.2:
    resolution: {integrity: sha512-7XHNxH7qX9xG5mIwxkhumTox/MIRNcOgDrxWsMt2pAr23WHp6MrRlN7FBSFpCpr+oVO0F744iUgR82nJMfG2SA==}

  hasown@2.0.2:
    resolution: {integrity: sha512-0hJU9SCPvmMzIBdZFqNPXWa6dqh7WdH0cII9y+CyS8rG3nL48Bclra9HmKhVVUHyPWNH5Y7xDwAB7bfgSjkUMQ==}
    engines: {node: '>= 0.4'}

  he@1.2.0:
    resolution: {integrity: sha512-F/1DnUGPopORZi0ni+CvrCgHQ5FyEAHRLSApuYWMmrbSwoN2Mn/7k+Gl38gJnR7yyDZk6WLXwiGod1JOWNDKGw==}
    hasBin: true

  is-core-module@2.15.1:
    resolution: {integrity: sha512-z0vtXSwucUJtANQWldhbtbt7BnL0vxiFjIdDLAatwhDYty2bad6s+rijD6Ri4YuYJubLzIJLUidCh09e1djEVQ==}
    engines: {node: '>= 0.4'}

  lodash-es@4.17.21:
    resolution: {integrity: sha512-mKnC+QJ9pWVzv+C4/U3rRsHapFfHvQFoFB92e52xeyGMcX6/OlIl78je1u8vePzYZSkkogMPJ2yjxxsb89cxyw==}

  lodash-unified@1.0.3:
    resolution: {integrity: sha512-WK9qSozxXOD7ZJQlpSqOT+om2ZfcT4yO+03FuzAHD0wF6S0l0090LRPDx3vhTTLZ8cFKpBn+IOcVXK6qOcIlfQ==}
    peerDependencies:
      '@types/lodash-es': '*'
      lodash: '*'
      lodash-es: '*'

  lodash@4.17.21:
    resolution: {integrity: sha512-v2kDEe57lecTulaDIuNTPy3Ry4gLGJ6Z1O3vE1krgXZNrsQ+LFTGHVxVjcXPs17LhbZVGedAJv8XZ1tvj5FvSg==}

  magic-string@0.30.12:
    resolution: {integrity: sha512-Ea8I3sQMVXr8JhN4z+H/d8zwo+tYDgHE9+5G4Wnrwhs0gaK9fXTKx0Tw5Xwsd/bCPTTZNRAdpyzvoeORe9LYpw==}

  memoize-one@6.0.0:
    resolution: {integrity: sha512-rkpe71W0N0c0Xz6QD0eJETuWAJGnJ9afsl1srmwPrI+yBCkge5EycXXbYRyvL29zZVUWQCY7InPRCv3GDXuZNw==}

  minimatch@9.0.5:
    resolution: {integrity: sha512-G6T0ZX48xgozx7587koeX9Ys2NYy6Gmv//P89sEte9V9whIapMNF4idKxnW2QtCcLiTWlb/wfCabAtAFWhhBow==}
    engines: {node: '>=16 || 14 >=14.17'}

  muggle-string@0.4.1:
    resolution: {integrity: sha512-VNTrAak/KhO2i8dqqnqnAHOa3cYBwXEZe9h+D5h/1ZqFSTEFHdM65lR7RoIqq3tBBYavsOXV84NoHXZ0AkPyqQ==}

  nanoid@3.3.7:
    resolution: {integrity: sha512-eSRppjcPIatRIMC1U6UngP8XFcz8MQWGQdt1MTBQ7NaAmvXDfvNxbvWV3x2y6CdEUciCSsDHDQZbhYaB8QEo2g==}
    engines: {node: ^10 || ^12 || ^13.7 || ^14 || >=15.0.1}
    hasBin: true

  normalize-wheel-es@1.2.0:
    resolution: {integrity: sha512-Wj7+EJQ8mSuXr2iWfnujrimU35R2W4FAErEyTmJoJ7ucwTn2hOUSsRehMb5RSYkxXGTM7Y9QpvPmp++w5ftoJw==}

  path-browserify@1.0.1:
    resolution: {integrity: sha512-b7uo2UCUOYZcnF/3ID0lulOJi/bafxa1xPe7ZPsammBSpjSWQkjNxlt635YGS2MiR9GjvuXCtz2emr3jbsz98g==}

  path-parse@1.0.7:
    resolution: {integrity: sha512-LDJzPVEEEPR+y48z93A0Ed0yXb8pAByGWo/k5YYdYgpY2/2EsOsksJrq7lOHxryrVOn1ejG6oAp8ahvOIQD8sw==}

  picocolors@1.1.1:
    resolution: {integrity: sha512-xceH2snhtb5M9liqDsmEw56le376mTZkEX/jEb/RxNFyegNul7eNslCXP9FDj/Lcu0X8KEyMceP2ntpaHrDEVA==}

  postcss@8.4.49:
    resolution: {integrity: sha512-OCVPnIObs4N29kxTjzLfUryOkvZEq+pf8jTF0lg8E7uETuWHA+v7j3c/xJmiqpX450191LlmZfUKkXxkTry7nA==}
    engines: {node: ^10 || ^12 || >=14}

  resolve@1.22.8:
    resolution: {integrity: sha512-oKWePCxqpd6FlLvGV1VU0x7bkPmmCNolxzjMf4NczoDnQcIWrAF+cPtZn5i6n+RfD2d9i0tzpKnG6Yk168yIyw==}
    hasBin: true

  rollup@2.79.2:
    resolution: {integrity: sha512-fS6iqSPZDs3dr/y7Od6y5nha8dW1YnbgtsyotCVvoFGKbERG++CVRFv1meyGDE1SNItQA8BrnCw7ScdAhRJ3XQ==}
    engines: {node: '>=10.0.0'}
    hasBin: true

  semver@7.6.3:
    resolution: {integrity: sha512-oVekP1cKtI+CTDvHWYFUcMtsK/00wmAEfyqKfNdARm8u1wNVhSgaX7A8d4UuIlUI5e84iEwOhs7ZPYRmzU9U6A==}
    engines: {node: '>=10'}
    hasBin: true

  source-map-js@1.2.1:
    resolution: {integrity: sha512-UXWMKhLOwVKb728IUtQPXxfYU+usdybtUrK/8uGE8CQMvrhOpwvzDBwj0QhSL7MQc7vIsISBG8VQ8+IDQxpfQA==}
    engines: {node: '>=0.10.0'}

  supports-preserve-symlinks-flag@1.0.0:
    resolution: {integrity: sha512-ot0WnXS9fgdkgIcePe6RHNk1WA8+muPa6cSjeR3V8K27q9BB1rTE3R1p7Hv0z1ZyAc8s6Vvv8DIyWf681MAt0w==}
    engines: {node: '>= 0.4'}

  typescript@5.6.3:
    resolution: {integrity: sha512-hjcS1mhfuyi4WW8IWtjP7brDrG2cuDZukyrYrSauoXGNgx0S7zceP07adYkJycEr56BOUTNPzbInooiN3fn1qw==}
    engines: {node: '>=14.17'}
    hasBin: true

  vite@3.2.5:
    resolution: {integrity: sha512-4mVEpXpSOgrssFZAOmGIr85wPHKvaDAcXqxVxVRZhljkJOMZi1ibLibzjLHzJvcok8BMguLc7g1W6W/GqZbLdQ==}
    engines: {node: ^14.18.0 || >=16.0.0}
    hasBin: true
    peerDependencies:
      '@types/node': '>= 14'
      less: '*'
      sass: '*'
      stylus: '*'
      sugarss: '*'
      terser: ^5.4.0
    peerDependenciesMeta:
      '@types/node':
        optional: true
      less:
        optional: true
      sass:
        optional: true
      stylus:
        optional: true
      sugarss:
        optional: true
      terser:
        optional: true

  vscode-uri@3.0.8:
    resolution: {integrity: sha512-AyFQ0EVmsOZOlAnxoFOGOq1SQDWAB7C6aqMGS23svWAllfOaxbuFvcT8D1i8z3Gyn8fraVeZNNmN6e9bxxXkKw==}

  vue-demi@0.14.10:
    resolution: {integrity: sha512-nMZBOwuzabUO0nLgIcc6rycZEebF6eeUfaiQx9+WSk8e29IbLvPU9feI6tqW4kTo3hvoYAJkMh8n8D0fuISphg==}
    engines: {node: '>=12'}
    hasBin: true
    peerDependencies:
      '@vue/composition-api': ^1.0.0-rc.1
      vue: ^3.0.0-0 || ^2.6.0
    peerDependenciesMeta:
      '@vue/composition-api':
        optional: true

  vue-tsc@2.1.10:
    resolution: {integrity: sha512-RBNSfaaRHcN5uqVqJSZh++Gy/YUzryuv9u1aFWhsammDJXNtUiJMNoJ747lZcQ68wUQFx6E73y4FY3D8E7FGMA==}
    hasBin: true
    peerDependencies:
      typescript: '>=5.0.0'

  vue@3.5.12:
    resolution: {integrity: sha512-CLVZtXtn2ItBIi/zHZ0Sg1Xkb7+PU32bJJ8Bmy7ts3jxXTcbfsEfBivFYYWz1Hur+lalqGAh65Coin0r+HRUfg==}
    peerDependencies:
      typescript: '*'
    peerDependenciesMeta:
      typescript:
        optional: true

snapshots:

  '@babel/helper-string-parser@7.25.9': {}

  '@babel/helper-validator-identifier@7.25.9': {}

  '@babel/parser@7.26.2':
    dependencies:
      '@babel/types': 7.26.0

  '@babel/types@7.26.0':
    dependencies:
      '@babel/helper-string-parser': 7.25.9
      '@babel/helper-validator-identifier': 7.25.9

  '@ctrl/tinycolor@3.6.1': {}

  '@element-plus/icons-vue@2.3.1(vue@3.5.12(typescript@5.6.3))':
    dependencies:
      vue: 3.5.12(typescript@5.6.3)

  '@esbuild/android-arm@0.15.18':
    optional: true

  '@esbuild/linux-loong64@0.15.18':
    optional: true

  '@floating-ui/core@1.6.8':
    dependencies:
      '@floating-ui/utils': 0.2.8

  '@floating-ui/dom@1.6.12':
    dependencies:
      '@floating-ui/core': 1.6.8
      '@floating-ui/utils': 0.2.8

  '@floating-ui/utils@0.2.8': {}

  '@jridgewell/sourcemap-codec@1.5.0': {}

  '@sxzz/popperjs-es@2.11.7': {}

  '@types/lodash-es@4.17.12':
    dependencies:
      '@types/lodash': 4.17.13

  '@types/lodash@4.17.13': {}

  '@types/web-bluetooth@0.0.16': {}

  '@vitejs/plugin-vue@3.2.0(vite@3.2.5)(vue@3.5.12(typescript@5.6.3))':
    dependencies:
      vite: 3.2.5
      vue: 3.5.12(typescript@5.6.3)

  '@volar/language-core@2.4.10':
    dependencies:
      '@volar/source-map': 2.4.10

  '@volar/source-map@2.4.10': {}

  '@volar/typescript@2.4.10':
    dependencies:
      '@volar/language-core': 2.4.10
      path-browserify: 1.0.1
      vscode-uri: 3.0.8

  '@vue/compiler-core@3.5.12':
    dependencies:
      '@babel/parser': 7.26.2
      '@vue/shared': 3.5.12
      entities: 4.5.0
      estree-walker: 2.0.2
      source-map-js: 1.2.1

  '@vue/compiler-dom@3.5.12':
    dependencies:
      '@vue/compiler-core': 3.5.12
      '@vue/shared': 3.5.12

  '@vue/compiler-sfc@3.5.12':
    dependencies:
      '@babel/parser': 7.26.2
      '@vue/compiler-core': 3.5.12
      '@vue/compiler-dom': 3.5.12
      '@vue/compiler-ssr': 3.5.12
      '@vue/shared': 3.5.12
      estree-walker: 2.0.2
      magic-string: 0.30.12
      postcss: 8.4.49
      source-map-js: 1.2.1

  '@vue/compiler-ssr@3.5.12':
    dependencies:
      '@vue/compiler-dom': 3.5.12
      '@vue/shared': 3.5.12

  '@vue/compiler-vue2@2.7.16':
    dependencies:
      de-indent: 1.0.2
      he: 1.2.0

  '@vue/language-core@2.1.10(typescript@5.6.3)':
    dependencies:
      '@volar/language-core': 2.4.10
      '@vue/compiler-dom': 3.5.12
      '@vue/compiler-vue2': 2.7.16
      '@vue/shared': 3.5.12
      alien-signals: 0.2.1
      minimatch: 9.0.5
      muggle-string: 0.4.1
      path-browserify: 1.0.1
    optionalDependencies:
      typescript: 5.6.3

  '@vue/reactivity@3.5.12':
    dependencies:
      '@vue/shared': 3.5.12

  '@vue/runtime-core@3.5.12':
    dependencies:
      '@vue/reactivity': 3.5.12
      '@vue/shared': 3.5.12

  '@vue/runtime-dom@3.5.12':
    dependencies:
      '@vue/reactivity': 3.5.12
      '@vue/runtime-core': 3.5.12
      '@vue/shared': 3.5.12
      csstype: 3.1.3

  '@vue/server-renderer@3.5.12(vue@3.5.12(typescript@5.6.3))':
    dependencies:
      '@vue/compiler-ssr': 3.5.12
      '@vue/shared': 3.5.12
      vue: 3.5.12(typescript@5.6.3)

  '@vue/shared@3.5.12': {}

  '@vueuse/core@9.13.0(vue@3.5.12(typescript@5.6.3))':
    dependencies:
      '@types/web-bluetooth': 0.0.16
      '@vueuse/metadata': 9.13.0
      '@vueuse/shared': 9.13.0(vue@3.5.12(typescript@5.6.3))
      vue-demi: 0.14.10(vue@3.5.12(typescript@5.6.3))
    transitivePeerDependencies:
      - '@vue/composition-api'
      - vue

  '@vueuse/metadata@9.13.0': {}

  '@vueuse/shared@9.13.0(vue@3.5.12(typescript@5.6.3))':
    dependencies:
      vue-demi: 0.14.10(vue@3.5.12(typescript@5.6.3))
    transitivePeerDependencies:
      - '@vue/composition-api'
      - vue

  alien-signals@0.2.1: {}

  async-validator@4.2.5: {}

  balanced-match@1.0.2: {}

  brace-expansion@2.0.1:
    dependencies:
      balanced-match: 1.0.2

  csstype@3.1.3: {}

  dayjs@1.11.13: {}

  de-indent@1.0.2: {}

  element-plus@2.7.4(vue@3.5.12(typescript@5.6.3)):
    dependencies:
      '@ctrl/tinycolor': 3.6.1
      '@element-plus/icons-vue': 2.3.1(vue@3.5.12(typescript@5.6.3))
      '@floating-ui/dom': 1.6.12
      '@popperjs/core': '@sxzz/popperjs-es@2.11.7'
      '@types/lodash': 4.17.13
      '@types/lodash-es': 4.17.12
      '@vueuse/core': 9.13.0(vue@3.5.12(typescript@5.6.3))
      async-validator: 4.2.5
      dayjs: 1.11.13
      escape-html: 1.0.3
      lodash: 4.17.21
      lodash-es: 4.17.21
      lodash-unified: 1.0.3(@types/lodash-es@4.17.12)(lodash-es@4.17.21)(lodash@4.17.21)
      memoize-one: 6.0.0
      normalize-wheel-es: 1.2.0
      vue: 3.5.12(typescript@5.6.3)
    transitivePeerDependencies:
      - '@vue/composition-api'

  entities@4.5.0: {}

  esbuild-android-64@0.15.18:
    optional: true

  esbuild-android-arm64@0.15.18:
    optional: true

  esbuild-darwin-64@0.15.18:
    optional: true

  esbuild-darwin-arm64@0.15.18:
    optional: true

  esbuild-freebsd-64@0.15.18:
    optional: true

  esbuild-freebsd-arm64@0.15.18:
    optional: true

  esbuild-linux-32@0.15.18:
    optional: true

  esbuild-linux-64@0.15.18:
    optional: true

  esbuild-linux-arm64@0.15.18:
    optional: true

  esbuild-linux-arm@0.15.18:
    optional: true

  esbuild-linux-mips64le@0.15.18:
    optional: true

  esbuild-linux-ppc64le@0.15.18:
    optional: true

  esbuild-linux-riscv64@0.15.18:
    optional: true

  esbuild-linux-s390x@0.15.18:
    optional: true

  esbuild-netbsd-64@0.15.18:
    optional: true

  esbuild-openbsd-64@0.15.18:
    optional: true

  esbuild-sunos-64@0.15.18:
    optional: true

  esbuild-windows-32@0.15.18:
    optional: true

  esbuild-windows-64@0.15.18:
    optional: true

  esbuild-windows-arm64@0.15.18:
    optional: true

  esbuild@0.15.18:
    optionalDependencies:
      '@esbuild/android-arm': 0.15.18
      '@esbuild/linux-loong64': 0.15.18
      esbuild-android-64: 0.15.18
      esbuild-android-arm64: 0.15.18
      esbuild-darwin-64: 0.15.18
      esbuild-darwin-arm64: 0.15.18
      esbuild-freebsd-64: 0.15.18
      esbuild-freebsd-arm64: 0.15.18
      esbuild-linux-32: 0.15.18
      esbuild-linux-64: 0.15.18
      esbuild-linux-arm: 0.15.18
      esbuild-linux-arm64: 0.15.18
      esbuild-linux-mips64le: 0.15.18
      esbuild-linux-ppc64le: 0.15.18
      esbuild-linux-riscv64: 0.15.18
      esbuild-linux-s390x: 0.15.18
      esbuild-netbsd-64: 0.15.18
      esbuild-openbsd-64: 0.15.18
      esbuild-sunos-64: 0.15.18
      esbuild-windows-32: 0.15.18
      esbuild-windows-64: 0.15.18
      esbuild-windows-arm64: 0.15.18

  escape-html@1.0.3: {}

  estree-walker@2.0.2: {}

  fsevents@2.3.3:
    optional: true

  function-bind@1.1.2: {}

  hasown@2.0.2:
    dependencies:
      function-bind: 1.1.2

  he@1.2.0: {}

  is-core-module@2.15.1:
    dependencies:
      hasown: 2.0.2

  lodash-es@4.17.21: {}

  lodash-unified@1.0.3(@types/lodash-es@4.17.12)(lodash-es@4.17.21)(lodash@4.17.21):
    dependencies:
      '@types/lodash-es': 4.17.12
      lodash: 4.17.21
      lodash-es: 4.17.21

  lodash@4.17.21: {}

  magic-string@0.30.12:
    dependencies:
      '@jridgewell/sourcemap-codec': 1.5.0

  memoize-one@6.0.0: {}

  minimatch@9.0.5:
    dependencies:
      brace-expansion: 2.0.1

  muggle-string@0.4.1: {}

  nanoid@3.3.7: {}

  normalize-wheel-es@1.2.0: {}

  path-browserify@1.0.1: {}

  path-parse@1.0.7: {}

  picocolors@1.1.1: {}

  postcss@8.4.49:
    dependencies:
      nanoid: 3.3.7
      picocolors: 1.1.1
      source-map-js: 1.2.1

  resolve@1.22.8:
    dependencies:
      is-core-module: 2.15.1
      path-parse: 1.0.7
      supports-preserve-symlinks-flag: 1.0.0

  rollup@2.79.2:
    optionalDependencies:
      fsevents: 2.3.3

  semver@7.6.3: {}

  source-map-js@1.2.1: {}

  supports-preserve-symlinks-flag@1.0.0: {}

  typescript@5.6.3: {}

  vite@3.2.5:
    dependencies:
      esbuild: 0.15.18
      postcss: 8.4.49
      resolve: 1.22.8
      rollup: 2.79.2
    optionalDependencies:
      fsevents: 2.3.3

  vscode-uri@3.0.8: {}

  vue-demi@0.14.10(vue@3.5.12(typescript@5.6.3)):
    dependencies:
      vue: 3.5.12(typescript@5.6.3)

  vue-tsc@2.1.10(typescript@5.6.3):
    dependencies:
      '@volar/typescript': 2.4.10
      '@vue/language-core': 2.1.10(typescript@5.6.3)
      semver: 7.6.3
      typescript: 5.6.3

  vue@3.5.12(typescript@5.6.3):
    dependencies:
      '@vue/compiler-dom': 3.5.12
      '@vue/compiler-sfc': 3.5.12
      '@vue/runtime-dom': 3.5.12
      '@vue/server-renderer': 3.5.12(vue@3.5.12(typescript@5.6.3))
      '@vue/shared': 3.5.12
    optionalDependencies:
      typescript: 5.6.3
